
Microsoft Visual Studio Solution File, Format Version 12.00
# Visual Studio Version 17
VisualStudioVersion = 17.4.33103.184
MinimumVisualStudioVersion = 10.0.40219.1
Project("{FAE04EC0-301F-11D3-BF4B-00C04F79EFBC}") = "FDMSWebApi", "FDMSWebApi\FDMSWebApi.csproj", "{B00077FF-0A88-4BCE-BA08-F09A2F9234CB}"
EndProject
Global
	GlobalSection(SolutionConfigurationPlatforms) = preSolution
		Debug|Any CPU = Debug|Any CPU
		Release|Any CPU = Release|Any CPU
	EndGlobalSection
	GlobalSection(ProjectConfigurationPlatforms) = postSolution
		{B00077FF-0A88-4BCE-BA08-F09A2F9234CB}.Debug|Any CPU.ActiveCfg = Debug|Any CPU
		{B00077FF-0A88-4BCE-BA08-F09A2F9234CB}.Debug|Any CPU.Build.0 = Debug|Any CPU
		{B00077FF-0A88-4BCE-BA08-F09A2F9234CB}.Release|Any CPU.ActiveCfg = Release|Any CPU
		{B00077FF-0A88-4BCE-BA08-F09A2F9234CB}.Release|Any CPU.Build.0 = Release|Any CPU
	EndGlobalSection
	GlobalSection(SolutionProperties) = preSolution
		HideSolutionNode = FALSE
	EndGlobalSection
	GlobalSection(ExtensibilityGlobals) = postSolution
		SolutionGuid = {04B59841-7A87-47EA-ADF1-A790F9D2C773}
	EndGlobalSection
EndGlobal
